// !$*UTF8*$!
{
	archiveVersion = 1;
	classes = {
	};
	objectVersion = 56;
	objects = {

/* Begin PBXBuildFile section */
		38433D2A29D203A7005C611A /* GoogleService-Info.plist in Resources */ = {isa = PBXBuildFile; fileRef = 38433D2929D203A7005C611A /* GoogleService-Info.plist */; };
		3893C9EB29CA162C00F08EFA /* AppDelegate.swift in Sources */ = {isa = PBXBuildFile; fileRef = 3893C9EA29CA162C00F08EFA /* AppDelegate.swift */; };
		3893C9ED29CA162C00F08EFA /* SceneDelegate.swift in Sources */ = {isa = PBXBuildFile; fileRef = 3893C9EC29CA162C00F08EFA /* SceneDelegate.swift */; };
		3893C9EF29CA162C00F08EFA /* HomeVC.swift in Sources */ = {isa = PBXBuildFile; fileRef = 3893C9EE29CA162C00F08EFA /* HomeVC.swift */; };
		3893C9F429CA162D00F08EFA /* Assets.xcassets in Resources */ = {isa = PBXBuildFile; fileRef = 3893C9F329CA162D00F08EFA /* Assets.xcassets */; };
		3893C9F729CA162D00F08EFA /* LaunchScreen.storyboard in Resources */ = {isa = PBXBuildFile; fileRef = 3893C9F529CA162D00F08EFA /* LaunchScreen.storyboard */; };
		38AF726C29D6497700402659 /* Alert.swift in Sources */ = {isa = PBXBuildFile; fileRef = 38AF726B29D6497700402659 /* Alert.swift */; };
		38C5B9D729D26B8100F05E72 /* LoginVC.swift in Sources */ = {isa = PBXBuildFile; fileRef = 38C5B9D429D26B8100F05E72 /* LoginVC.swift */; };
		38C5B9D829D26B8100F05E72 /* LoginScreen.swift in Sources */ = {isa = PBXBuildFile; fileRef = 38C5B9D629D26B8100F05E72 /* LoginScreen.swift */; };
		38C5B9DB29D4BA3A00F05E72 /* LoginViewModel.swift in Sources */ = {isa = PBXBuildFile; fileRef = 38C5B9DA29D4BA3A00F05E72 /* LoginViewModel.swift */; };
		38C5B9E129D5F78F00F05E72 /* RegisterVC.swift in Sources */ = {isa = PBXBuildFile; fileRef = 38C5B9DE29D5F78F00F05E72 /* RegisterVC.swift */; };
		38C5B9E229D5F78F00F05E72 /* RegisterScreen.swift in Sources */ = {isa = PBXBuildFile; fileRef = 38C5B9E029D5F78F00F05E72 /* RegisterScreen.swift */; };
		38C5B9E529D6086300F05E72 /* UITextField+Extension.swift in Sources */ = {isa = PBXBuildFile; fileRef = 38C5B9E329D6086200F05E72 /* UITextField+Extension.swift */; };
		38C5B9E629D6086300F05E72 /* UIViewController+Extension.swift in Sources */ = {isa = PBXBuildFile; fileRef = 38C5B9E429D6086300F05E72 /* UIViewController+Extension.swift */; };
		38C5B9E829D6093C00F05E72 /* Extension+Button.swift in Sources */ = {isa = PBXBuildFile; fileRef = 38C5B9E729D6093C00F05E72 /* Extension+Button.swift */; };
		38E5341629DB45AB00543A6C /* RegisterViewModel.swift in Sources */ = {isa = PBXBuildFile; fileRef = 38E5341529DB45AB00543A6C /* RegisterViewModel.swift */; };
		38E6A88C29DF3EAE002B1EAF /* HomeData.json in Resources */ = {isa = PBXBuildFile; fileRef = 38E6A88B29DF3EAE002B1EAF /* HomeData.json */; };
		38E6A88F29DF3F77002B1EAF /* HomeService.swift in Sources */ = {isa = PBXBuildFile; fileRef = 38E6A88E29DF3F77002B1EAF /* HomeService.swift */; };
		38F18DC229CA1D1C00ADCB7F /* HomeScreen.swift in Sources */ = {isa = PBXBuildFile; fileRef = 38F18DC129CA1D1C00ADCB7F /* HomeScreen.swift */; };
		38F18DC529CA202700ADCB7F /* UIView + Extension.swift in Sources */ = {isa = PBXBuildFile; fileRef = 38F18DC429CA202700ADCB7F /* UIView + Extension.swift */; };
		38F18DCA29CA220100ADCB7F /* UIColor + Extension.swift in Sources */ = {isa = PBXBuildFile; fileRef = 38F18DC929CA220100ADCB7F /* UIColor + Extension.swift */; };
		38F18DCC29CA272000ADCB7F /* HomeViewModel.swift in Sources */ = {isa = PBXBuildFile; fileRef = 38F18DCB29CA272000ADCB7F /* HomeViewModel.swift */; };
		38F18DD129CA56CF00ADCB7F /* StoryCardCollectionViewCell.swift in Sources */ = {isa = PBXBuildFile; fileRef = 38F18DD029CA56CF00ADCB7F /* StoryCardCollectionViewCell.swift */; };
		38F18DD429CA576D00ADCB7F /* StoryCardCollectionViewCellScreen.swift in Sources */ = {isa = PBXBuildFile; fileRef = 38F18DD329CA576D00ADCB7F /* StoryCardCollectionViewCellScreen.swift */; };
		38F18DD729CA60EC00ADCB7F /* StoryCardViewModel.swift in Sources */ = {isa = PBXBuildFile; fileRef = 38F18DD629CA60EC00ADCB7F /* StoryCardViewModel.swift */; };
		38F18DDA29CA627500ADCB7F /* Stories.swift in Sources */ = {isa = PBXBuildFile; fileRef = 38F18DD929CA627500ADCB7F /* Stories.swift */; };
		38F18DDD29CA738D00ADCB7F /* StoryCollectionViewCell.swift in Sources */ = {isa = PBXBuildFile; fileRef = 38F18DDC29CA738D00ADCB7F /* StoryCollectionViewCell.swift */; };
		38F18DE029CA740300ADCB7F /* StoryCollectionViewCellScreen.swift in Sources */ = {isa = PBXBuildFile; fileRef = 38F18DDF29CA740300ADCB7F /* StoryCollectionViewCellScreen.swift */; };
		38F18DE529CCB26800ADCB7F /* PostCardCollectionViewCell.swift in Sources */ = {isa = PBXBuildFile; fileRef = 38F18DE429CCB26800ADCB7F /* PostCardCollectionViewCell.swift */; };
		38F18DE829CCB2A800ADCB7F /* PostCardCollectionViewCellScreen.swift in Sources */ = {isa = PBXBuildFile; fileRef = 38F18DE729CCB2A800ADCB7F /* PostCardCollectionViewCellScreen.swift */; };
		38F18DEA29CCBDAC00ADCB7F /* Posts.swift in Sources */ = {isa = PBXBuildFile; fileRef = 38F18DE929CCBDAC00ADCB7F /* Posts.swift */; };
		38F18DED29CCBFDB00ADCB7F /* PostCardViewModel.swift in Sources */ = {isa = PBXBuildFile; fileRef = 38F18DEC29CCBFDB00ADCB7F /* PostCardViewModel.swift */; };
		38F18DF029CCC13600ADCB7F /* PostCollectionViewCell.swift in Sources */ = {isa = PBXBuildFile; fileRef = 38F18DEF29CCC13600ADCB7F /* PostCollectionViewCell.swift */; };
		38F18DF429CCC1EF00ADCB7F /* PostCollectionViewCellScreen.swift in Sources */ = {isa = PBXBuildFile; fileRef = 38F18DF329CCC1EF00ADCB7F /* PostCollectionViewCellScreen.swift */; };
		483C0761400C6BBFC8EBBD7E /* Pods_app_MVVM.framework in Frameworks */ = {isa = PBXBuildFile; fileRef = F679C9240E9F200E66F5AD8E /* Pods_app_MVVM.framework */; };
/* End PBXBuildFile section */

/* Begin PBXFileReference section */
		200398B949EE5B3C0A4BB955 /* Pods-app-MVVM.debug.xcconfig */ = {isa = PBXFileReference; includeInIndex = 1; lastKnownFileType = text.xcconfig; name = "Pods-app-MVVM.debug.xcconfig"; path = "Target Support Files/Pods-app-MVVM/Pods-app-MVVM.debug.xcconfig"; sourceTree = "<group>"; };
		2A6BF2590D7B74147D719526 /* Pods-app-MVVM.release.xcconfig */ = {isa = PBXFileReference; includeInIndex = 1; lastKnownFileType = text.xcconfig; name = "Pods-app-MVVM.release.xcconfig"; path = "Target Support Files/Pods-app-MVVM/Pods-app-MVVM.release.xcconfig"; sourceTree = "<group>"; };
		38433D2929D203A7005C611A /* GoogleService-Info.plist */ = {isa = PBXFileReference; fileEncoding = 4; lastKnownFileType = text.plist.xml; path = "GoogleService-Info.plist"; sourceTree = "<group>"; };
		3893C9E729CA162C00F08EFA /* app-MVVM.app */ = {isa = PBXFileReference; explicitFileType = wrapper.application; includeInIndex = 0; path = "app-MVVM.app"; sourceTree = BUILT_PRODUCTS_DIR; };
		3893C9EA29CA162C00F08EFA /* AppDelegate.swift */ = {isa = PBXFileReference; lastKnownFileType = sourcecode.swift; path = AppDelegate.swift; sourceTree = "<group>"; };
		3893C9EC29CA162C00F08EFA /* SceneDelegate.swift */ = {isa = PBXFileReference; lastKnownFileType = sourcecode.swift; path = SceneDelegate.swift; sourceTree = "<group>"; };
		3893C9EE29CA162C00F08EFA /* HomeVC.swift */ = {isa = PBXFileReference; lastKnownFileType = sourcecode.swift; path = HomeVC.swift; sourceTree = "<group>"; };
		3893C9F329CA162D00F08EFA /* Assets.xcassets */ = {isa = PBXFileReference; lastKnownFileType = folder.assetcatalog; path = Assets.xcassets; sourceTree = "<group>"; };
		3893C9F629CA162D00F08EFA /* Base */ = {isa = PBXFileReference; lastKnownFileType = file.storyboard; name = Base; path = Base.lproj/LaunchScreen.storyboard; sourceTree = "<group>"; };
		3893C9F829CA162D00F08EFA /* Info.plist */ = {isa = PBXFileReference; lastKnownFileType = text.plist.xml; path = Info.plist; sourceTree = "<group>"; };
		38AF726B29D6497700402659 /* Alert.swift */ = {isa = PBXFileReference; fileEncoding = 4; lastKnownFileType = sourcecode.swift; path = Alert.swift; sourceTree = "<group>"; };
		38C5B9D429D26B8100F05E72 /* LoginVC.swift */ = {isa = PBXFileReference; fileEncoding = 4; lastKnownFileType = sourcecode.swift; path = LoginVC.swift; sourceTree = "<group>"; };
		38C5B9D629D26B8100F05E72 /* LoginScreen.swift */ = {isa = PBXFileReference; fileEncoding = 4; lastKnownFileType = sourcecode.swift; path = LoginScreen.swift; sourceTree = "<group>"; };
		38C5B9DA29D4BA3A00F05E72 /* LoginViewModel.swift */ = {isa = PBXFileReference; lastKnownFileType = sourcecode.swift; path = LoginViewModel.swift; sourceTree = "<group>"; };
		38C5B9DE29D5F78F00F05E72 /* RegisterVC.swift */ = {isa = PBXFileReference; fileEncoding = 4; lastKnownFileType = sourcecode.swift; path = RegisterVC.swift; sourceTree = "<group>"; };
		38C5B9E029D5F78F00F05E72 /* RegisterScreen.swift */ = {isa = PBXFileReference; fileEncoding = 4; lastKnownFileType = sourcecode.swift; path = RegisterScreen.swift; sourceTree = "<group>"; };
		38C5B9E329D6086200F05E72 /* UITextField+Extension.swift */ = {isa = PBXFileReference; fileEncoding = 4; lastKnownFileType = sourcecode.swift; path = "UITextField+Extension.swift"; sourceTree = "<group>"; };
		38C5B9E429D6086300F05E72 /* UIViewController+Extension.swift */ = {isa = PBXFileReference; fileEncoding = 4; lastKnownFileType = sourcecode.swift; path = "UIViewController+Extension.swift"; sourceTree = "<group>"; };
		38C5B9E729D6093C00F05E72 /* Extension+Button.swift */ = {isa = PBXFileReference; fileEncoding = 4; lastKnownFileType = sourcecode.swift; path = "Extension+Button.swift"; sourceTree = "<group>"; };
		38E5341529DB45AB00543A6C /* RegisterViewModel.swift */ = {isa = PBXFileReference; lastKnownFileType = sourcecode.swift; path = RegisterViewModel.swift; sourceTree = "<group>"; };
		38E6A88B29DF3EAE002B1EAF /* HomeData.json */ = {isa = PBXFileReference; lastKnownFileType = text.json; path = HomeData.json; sourceTree = "<group>"; };
		38E6A88E29DF3F77002B1EAF /* HomeService.swift */ = {isa = PBXFileReference; lastKnownFileType = sourcecode.swift; path = HomeService.swift; sourceTree = "<group>"; };
		38F18DC129CA1D1C00ADCB7F /* HomeScreen.swift */ = {isa = PBXFileReference; lastKnownFileType = sourcecode.swift; path = HomeScreen.swift; sourceTree = "<group>"; };
		38F18DC429CA202700ADCB7F /* UIView + Extension.swift */ = {isa = PBXFileReference; lastKnownFileType = sourcecode.swift; path = "UIView + Extension.swift"; sourceTree = "<group>"; };
		38F18DC929CA220100ADCB7F /* UIColor + Extension.swift */ = {isa = PBXFileReference; lastKnownFileType = sourcecode.swift; path = "UIColor + Extension.swift"; sourceTree = "<group>"; };
		38F18DCB29CA272000ADCB7F /* HomeViewModel.swift */ = {isa = PBXFileReference; lastKnownFileType = sourcecode.swift; path = HomeViewModel.swift; sourceTree = "<group>"; };
		38F18DD029CA56CF00ADCB7F /* StoryCardCollectionViewCell.swift */ = {isa = PBXFileReference; lastKnownFileType = sourcecode.swift; path = StoryCardCollectionViewCell.swift; sourceTree = "<group>"; };
		38F18DD329CA576D00ADCB7F /* StoryCardCollectionViewCellScreen.swift */ = {isa = PBXFileReference; lastKnownFileType = sourcecode.swift; path = StoryCardCollectionViewCellScreen.swift; sourceTree = "<group>"; };
		38F18DD629CA60EC00ADCB7F /* StoryCardViewModel.swift */ = {isa = PBXFileReference; lastKnownFileType = sourcecode.swift; path = StoryCardViewModel.swift; sourceTree = "<group>"; };
		38F18DD929CA627500ADCB7F /* Stories.swift */ = {isa = PBXFileReference; lastKnownFileType = sourcecode.swift; path = Stories.swift; sourceTree = "<group>"; };
		38F18DDC29CA738D00ADCB7F /* StoryCollectionViewCell.swift */ = {isa = PBXFileReference; lastKnownFileType = sourcecode.swift; path = StoryCollectionViewCell.swift; sourceTree = "<group>"; };
		38F18DDF29CA740300ADCB7F /* StoryCollectionViewCellScreen.swift */ = {isa = PBXFileReference; lastKnownFileType = sourcecode.swift; path = StoryCollectionViewCellScreen.swift; sourceTree = "<group>"; };
		38F18DE429CCB26800ADCB7F /* PostCardCollectionViewCell.swift */ = {isa = PBXFileReference; lastKnownFileType = sourcecode.swift; path = PostCardCollectionViewCell.swift; sourceTree = "<group>"; };
		38F18DE729CCB2A800ADCB7F /* PostCardCollectionViewCellScreen.swift */ = {isa = PBXFileReference; lastKnownFileType = sourcecode.swift; path = PostCardCollectionViewCellScreen.swift; sourceTree = "<group>"; };
		38F18DE929CCBDAC00ADCB7F /* Posts.swift */ = {isa = PBXFileReference; lastKnownFileType = sourcecode.swift; path = Posts.swift; sourceTree = "<group>"; };
		38F18DEC29CCBFDB00ADCB7F /* PostCardViewModel.swift */ = {isa = PBXFileReference; lastKnownFileType = sourcecode.swift; path = PostCardViewModel.swift; sourceTree = "<group>"; };
		38F18DEF29CCC13600ADCB7F /* PostCollectionViewCell.swift */ = {isa = PBXFileReference; lastKnownFileType = sourcecode.swift; path = PostCollectionViewCell.swift; sourceTree = "<group>"; };
		38F18DF329CCC1EF00ADCB7F /* PostCollectionViewCellScreen.swift */ = {isa = PBXFileReference; lastKnownFileType = sourcecode.swift; path = PostCollectionViewCellScreen.swift; sourceTree = "<group>"; };
		F679C9240E9F200E66F5AD8E /* Pods_app_MVVM.framework */ = {isa = PBXFileReference; explicitFileType = wrapper.framework; includeInIndex = 0; path = Pods_app_MVVM.framework; sourceTree = BUILT_PRODUCTS_DIR; };
/* End PBXFileReference section */

/* Begin PBXFrameworksBuildPhase section */
		3893C9E429CA162C00F08EFA /* Frameworks */ = {
			isa = PBXFrameworksBuildPhase;
			buildActionMask = 2147483647;
			files = (
				483C0761400C6BBFC8EBBD7E /* Pods_app_MVVM.framework in Frameworks */,
			);
			runOnlyForDeploymentPostprocessing = 0;
		};
/* End PBXFrameworksBuildPhase section */

/* Begin PBXGroup section */
		0DF41B12E9C0A9F4B6959092 /* Pods */ = {
			isa = PBXGroup;
			children = (
				200398B949EE5B3C0A4BB955 /* Pods-app-MVVM.debug.xcconfig */,
				2A6BF2590D7B74147D719526 /* Pods-app-MVVM.release.xcconfig */,
			);
			path = Pods;
			sourceTree = "<group>";
		};
		3893C9DE29CA162C00F08EFA = {
			isa = PBXGroup;
			children = (
				3893C9E929CA162C00F08EFA /* app-MVVM */,
				3893C9E829CA162C00F08EFA /* Products */,
				0DF41B12E9C0A9F4B6959092 /* Pods */,
				40C27CCFE16681BE644350B0 /* Frameworks */,
			);
			sourceTree = "<group>";
		};
		3893C9E829CA162C00F08EFA /* Products */ = {
			isa = PBXGroup;
			children = (
				3893C9E729CA162C00F08EFA /* app-MVVM.app */,
			);
			name = Products;
			sourceTree = "<group>";
		};
		3893C9E929CA162C00F08EFA /* app-MVVM */ = {
			isa = PBXGroup;
			children = (
				3893C9EA29CA162C00F08EFA /* AppDelegate.swift */,
				3893C9EC29CA162C00F08EFA /* SceneDelegate.swift */,
				3893C9FE29CA171B00F08EFA /* src */,
				3893C9F329CA162D00F08EFA /* Assets.xcassets */,
				3893C9F529CA162D00F08EFA /* LaunchScreen.storyboard */,
				3893C9F829CA162D00F08EFA /* Info.plist */,
				38433D2929D203A7005C611A /* GoogleService-Info.plist */,
			);
			path = "app-MVVM";
			sourceTree = "<group>";
		};
		3893C9FE29CA171B00F08EFA /* src */ = {
			isa = PBXGroup;
			children = (
				38E6A88D29DF3F62002B1EAF /* Service */,
				38E6A88A29DF3E79002B1EAF /* Mock */,
				38F18DD829CA625D00ADCB7F /* Model */,
				38AF726A29D6497700402659 /* Alert */,
				38F18DC329CA200300ADCB7F /* Utils */,
				38C5B9DC29D5F78F00F05E72 /* Register */,
				38C5B9D229D26B8100F05E72 /* Login */,
				38F18DC629CA219D00ADCB7F /* Home */,
			);
			path = src;
			sourceTree = "<group>";
		};
		38AF726A29D6497700402659 /* Alert */ = {
			isa = PBXGroup;
			children = (
				38AF726B29D6497700402659 /* Alert.swift */,
			);
			path = Alert;
			sourceTree = "<group>";
		};
		38C5B9D229D26B8100F05E72 /* Login */ = {
			isa = PBXGroup;
			children = (
				38C5B9D929D4BA2600F05E72 /* ViewModel */,
				38C5B9D329D26B8100F05E72 /* VC */,
				38C5B9D529D26B8100F05E72 /* Screen */,
			);
			path = Login;
			sourceTree = "<group>";
		};
		38C5B9D329D26B8100F05E72 /* VC */ = {
			isa = PBXGroup;
			children = (
				38C5B9D429D26B8100F05E72 /* LoginVC.swift */,
			);
			path = VC;
			sourceTree = "<group>";
		};
		38C5B9D529D26B8100F05E72 /* Screen */ = {
			isa = PBXGroup;
			children = (
				38C5B9D629D26B8100F05E72 /* LoginScreen.swift */,
			);
			path = Screen;
			sourceTree = "<group>";
		};
		38C5B9D929D4BA2600F05E72 /* ViewModel */ = {
			isa = PBXGroup;
			children = (
				38C5B9DA29D4BA3A00F05E72 /* LoginViewModel.swift */,
			);
			path = ViewModel;
			sourceTree = "<group>";
		};
		38C5B9DC29D5F78F00F05E72 /* Register */ = {
			isa = PBXGroup;
			children = (
				38E5341429DB458400543A6C /* RegisterViewModel */,
				38C5B9DD29D5F78F00F05E72 /* VC */,
				38C5B9DF29D5F78F00F05E72 /* Screen */,
			);
			path = Register;
			sourceTree = "<group>";
		};
		38C5B9DD29D5F78F00F05E72 /* VC */ = {
			isa = PBXGroup;
			children = (
				38C5B9DE29D5F78F00F05E72 /* RegisterVC.swift */,
			);
			path = VC;
			sourceTree = "<group>";
		};
		38C5B9DF29D5F78F00F05E72 /* Screen */ = {
			isa = PBXGroup;
			children = (
				38C5B9E029D5F78F00F05E72 /* RegisterScreen.swift */,
			);
			path = Screen;
			sourceTree = "<group>";
		};
		38E5341429DB458400543A6C /* RegisterViewModel */ = {
			isa = PBXGroup;
			children = (
				38E5341529DB45AB00543A6C /* RegisterViewModel.swift */,
			);
			path = RegisterViewModel;
			sourceTree = "<group>";
		};
		38E6A88A29DF3E79002B1EAF /* Mock */ = {
			isa = PBXGroup;
			children = (
				38E6A88B29DF3EAE002B1EAF /* HomeData.json */,
			);
			path = Mock;
			sourceTree = "<group>";
		};
		38E6A88D29DF3F62002B1EAF /* Service */ = {
			isa = PBXGroup;
			children = (
				38E6A88E29DF3F77002B1EAF /* HomeService.swift */,
			);
			path = Service;
			sourceTree = "<group>";
		};
		38F18DC329CA200300ADCB7F /* Utils */ = {
			isa = PBXGroup;
			children = (
				38C5B9E729D6093C00F05E72 /* Extension+Button.swift */,
				38C5B9E329D6086200F05E72 /* UITextField+Extension.swift */,
				38C5B9E429D6086300F05E72 /* UIViewController+Extension.swift */,
				38F18DC429CA202700ADCB7F /* UIView + Extension.swift */,
				38F18DC929CA220100ADCB7F /* UIColor + Extension.swift */,
			);
			path = Utils;
			sourceTree = "<group>";
		};
		38F18DC629CA219D00ADCB7F /* Home */ = {
			isa = PBXGroup;
			children = (
				38F18DCE29CA567D00ADCB7F /* Cell */,
				38F18DCD29CA278100ADCB7F /* ViewModel */,
				38F18DC829CA21B200ADCB7F /* HomeVC */,
				38F18DC729CA21AA00ADCB7F /* HomeScreen */,
			);
			path = Home;
			sourceTree = "<group>";
		};
		38F18DC729CA21AA00ADCB7F /* HomeScreen */ = {
			isa = PBXGroup;
			children = (
				38F18DC129CA1D1C00ADCB7F /* HomeScreen.swift */,
			);
			path = HomeScreen;
			sourceTree = "<group>";
		};
		38F18DC829CA21B200ADCB7F /* HomeVC */ = {
			isa = PBXGroup;
			children = (
				3893C9EE29CA162C00F08EFA /* HomeVC.swift */,
			);
			path = HomeVC;
			sourceTree = "<group>";
		};
		38F18DCD29CA278100ADCB7F /* ViewModel */ = {
			isa = PBXGroup;
			children = (
				38F18DCB29CA272000ADCB7F /* HomeViewModel.swift */,
			);
			path = ViewModel;
			sourceTree = "<group>";
		};
		38F18DCE29CA567D00ADCB7F /* Cell */ = {
			isa = PBXGroup;
			children = (
				38F18DE229CCB22A00ADCB7F /* Post */,
				38F18DE129CCB21B00ADCB7F /* Story */,
			);
			path = Cell;
			sourceTree = "<group>";
		};
		38F18DCF29CA56A300ADCB7F /* StoryCardCollectionVIewCell */ = {
			isa = PBXGroup;
			children = (
				38F18DD529CA60D200ADCB7F /* ViewModel */,
				38F18DD229CA574100ADCB7F /* Screen */,
				38F18DD029CA56CF00ADCB7F /* StoryCardCollectionViewCell.swift */,
			);
			path = StoryCardCollectionVIewCell;
			sourceTree = "<group>";
		};
		38F18DD229CA574100ADCB7F /* Screen */ = {
			isa = PBXGroup;
			children = (
				38F18DD329CA576D00ADCB7F /* StoryCardCollectionViewCellScreen.swift */,
			);
			path = Screen;
			sourceTree = "<group>";
		};
		38F18DD529CA60D200ADCB7F /* ViewModel */ = {
			isa = PBXGroup;
			children = (
				38F18DD629CA60EC00ADCB7F /* StoryCardViewModel.swift */,
			);
			path = ViewModel;
			sourceTree = "<group>";
		};
		38F18DD829CA625D00ADCB7F /* Model */ = {
			isa = PBXGroup;
			children = (
				38F18DD929CA627500ADCB7F /* Stories.swift */,
				38F18DE929CCBDAC00ADCB7F /* Posts.swift */,
			);
			path = Model;
			sourceTree = "<group>";
		};
		38F18DDB29CA735B00ADCB7F /* StoryCollectionViewCell */ = {
			isa = PBXGroup;
			children = (
				38F18DDE29CA73ED00ADCB7F /* Screen */,
				38F18DDC29CA738D00ADCB7F /* StoryCollectionViewCell.swift */,
			);
			path = StoryCollectionViewCell;
			sourceTree = "<group>";
		};
		38F18DDE29CA73ED00ADCB7F /* Screen */ = {
			isa = PBXGroup;
			children = (
				38F18DDF29CA740300ADCB7F /* StoryCollectionViewCellScreen.swift */,
			);
			path = Screen;
			sourceTree = "<group>";
		};
		38F18DE129CCB21B00ADCB7F /* Story */ = {
			isa = PBXGroup;
			children = (
				38F18DDB29CA735B00ADCB7F /* StoryCollectionViewCell */,
				38F18DCF29CA56A300ADCB7F /* StoryCardCollectionVIewCell */,
			);
			path = Story;
			sourceTree = "<group>";
		};
		38F18DE229CCB22A00ADCB7F /* Post */ = {
			isa = PBXGroup;
			children = (
				38F18DE329CCB23200ADCB7F /* PostCardCollectionViewCell */,
			);
			path = Post;
			sourceTree = "<group>";
		};
		38F18DE329CCB23200ADCB7F /* PostCardCollectionViewCell */ = {
			isa = PBXGroup;
			children = (
				38F18DEE29CCC11100ADCB7F /* PostCollectionViewCell */,
				38F18DEB29CCBFAA00ADCB7F /* ViewModel */,
				38F18DE629CCB29500ADCB7F /* Screen */,
				38F18DE429CCB26800ADCB7F /* PostCardCollectionViewCell.swift */,
			);
			path = PostCardCollectionViewCell;
			sourceTree = "<group>";
		};
		38F18DE629CCB29500ADCB7F /* Screen */ = {
			isa = PBXGroup;
			children = (
				38F18DE729CCB2A800ADCB7F /* PostCardCollectionViewCellScreen.swift */,
			);
			path = Screen;
			sourceTree = "<group>";
		};
		38F18DEB29CCBFAA00ADCB7F /* ViewModel */ = {
			isa = PBXGroup;
			children = (
				38F18DEC29CCBFDB00ADCB7F /* PostCardViewModel.swift */,
			);
			path = ViewModel;
			sourceTree = "<group>";
		};
		38F18DEE29CCC11100ADCB7F /* PostCollectionViewCell */ = {
			isa = PBXGroup;
			children = (
				38F18DF229CCC1CD00ADCB7F /* Screen */,
				38F18DEF29CCC13600ADCB7F /* PostCollectionViewCell.swift */,
			);
			path = PostCollectionViewCell;
			sourceTree = "<group>";
		};
		38F18DF229CCC1CD00ADCB7F /* Screen */ = {
			isa = PBXGroup;
			children = (
				38F18DF329CCC1EF00ADCB7F /* PostCollectionViewCellScreen.swift */,
			);
			path = Screen;
			sourceTree = "<group>";
		};
		40C27CCFE16681BE644350B0 /* Frameworks */ = {
			isa = PBXGroup;
			children = (
				F679C9240E9F200E66F5AD8E /* Pods_app_MVVM.framework */,
			);
			name = Frameworks;
			sourceTree = "<group>";
		};
/* End PBXGroup section */

/* Begin PBXNativeTarget section */
		3893C9E629CA162C00F08EFA /* app-MVVM */ = {
			isa = PBXNativeTarget;
			buildConfigurationList = 3893C9FB29CA162D00F08EFA /* Build configuration list for PBXNativeTarget "app-MVVM" */;
			buildPhases = (
				7398EE8E5208373848C0FFEA /* [CP] Check Pods Manifest.lock */,
				3893C9E329CA162C00F08EFA /* Sources */,
				3893C9E429CA162C00F08EFA /* Frameworks */,
				3893C9E529CA162C00F08EFA /* Resources */,
				DCC260DC637846841F3B32A4 /* [CP] Embed Pods Frameworks */,
			);
			buildRules = (
			);
			dependencies = (
			);
			name = "app-MVVM";
			productName = "app-MVVM";
			productReference = 3893C9E729CA162C00F08EFA /* app-MVVM.app */;
			productType = "com.apple.product-type.application";
		};
/* End PBXNativeTarget section */

/* Begin PBXProject section */
		3893C9DF29CA162C00F08EFA /* Project object */ = {
			isa = PBXProject;
			attributes = {
				BuildIndependentTargetsInParallel = 1;
				LastSwiftUpdateCheck = 1420;
				LastUpgradeCheck = 1420;
				TargetAttributes = {
					3893C9E629CA162C00F08EFA = {
						CreatedOnToolsVersion = 14.2;
					};
				};
			};
			buildConfigurationList = 3893C9E229CA162C00F08EFA /* Build configuration list for PBXProject "app-MVVM" */;
			compatibilityVersion = "Xcode 14.0";
			developmentRegion = en;
			hasScannedForEncodings = 0;
			knownRegions = (
				en,
				Base,
			);
			mainGroup = 3893C9DE29CA162C00F08EFA;
			productRefGroup = 3893C9E829CA162C00F08EFA /* Products */;
			projectDirPath = "";
			projectRoot = "";
			targets = (
				3893C9E629CA162C00F08EFA /* app-MVVM */,
			);
		};
/* End PBXProject section */

/* Begin PBXResourcesBuildPhase section */
		3893C9E529CA162C00F08EFA /* Resources */ = {
			isa = PBXResourcesBuildPhase;
			buildActionMask = 2147483647;
			files = (
				38E6A88C29DF3EAE002B1EAF /* HomeData.json in Resources */,
				3893C9F729CA162D00F08EFA /* LaunchScreen.storyboard in Resources */,
				3893C9F429CA162D00F08EFA /* Assets.xcassets in Resources */,
				38433D2A29D203A7005C611A /* GoogleService-Info.plist in Resources */,
			);
			runOnlyForDeploymentPostprocessing = 0;
		};
/* End PBXResourcesBuildPhase section */

/* Begin PBXShellScriptBuildPhase section */
		7398EE8E5208373848C0FFEA /* [CP] Check Pods Manifest.lock */ = {
			isa = PBXShellScriptBuildPhase;
			buildActionMask = 2147483647;
			files = (
			);
			inputFileListPaths = (
			);
			inputPaths = (
				"${PODS_PODFILE_DIR_PATH}/Podfile.lock",
				"${PODS_ROOT}/Manifest.lock",
			);
			name = "[CP] Check Pods Manifest.lock";
			outputFileListPaths = (
			);
			outputPaths = (
				"$(DERIVED_FILE_DIR)/Pods-app-MVVM-checkManifestLockResult.txt",
			);
			runOnlyForDeploymentPostprocessing = 0;
			shellPath = /bin/sh;
			shellScript = "diff \"${PODS_PODFILE_DIR_PATH}/Podfile.lock\" \"${PODS_ROOT}/Manifest.lock\" > /dev/null\nif [ $? != 0 ] ; then\n    # print error to STDERR\n    echo \"error: The sandbox is not in sync with the Podfile.lock. Run 'pod install' or update your CocoaPods installation.\" >&2\n    exit 1\nfi\n# This output is used by Xcode 'outputs' to avoid re-running this script phase.\necho \"SUCCESS\" > \"${SCRIPT_OUTPUT_FILE_0}\"\n";
			showEnvVarsInLog = 0;
		};
		DCC260DC637846841F3B32A4 /* [CP] Embed Pods Frameworks */ = {
			isa = PBXShellScriptBuildPhase;
			buildActionMask = 2147483647;
			files = (
			);
			inputFileListPaths = (
				"${PODS_ROOT}/Target Support Files/Pods-app-MVVM/Pods-app-MVVM-frameworks-${CONFIGURATION}-input-files.xcfilelist",
			);
			name = "[CP] Embed Pods Frameworks";
			outputFileListPaths = (
				"${PODS_ROOT}/Target Support Files/Pods-app-MVVM/Pods-app-MVVM-frameworks-${CONFIGURATION}-output-files.xcfilelist",
			);
			runOnlyForDeploymentPostprocessing = 0;
			shellPath = /bin/sh;
			shellScript = "\"${PODS_ROOT}/Target Support Files/Pods-app-MVVM/Pods-app-MVVM-frameworks.sh\"\n";
			showEnvVarsInLog = 0;
		};
/* End PBXShellScriptBuildPhase section */

/* Begin PBXSourcesBuildPhase section */
		3893C9E329CA162C00F08EFA /* Sources */ = {
			isa = PBXSourcesBuildPhase;
			buildActionMask = 2147483647;
			files = (
				38F18DC229CA1D1C00ADCB7F /* HomeScreen.swift in Sources */,
				38F18DF429CCC1EF00ADCB7F /* PostCollectionViewCellScreen.swift in Sources */,
				38C5B9DB29D4BA3A00F05E72 /* LoginViewModel.swift in Sources */,
				38F18DE029CA740300ADCB7F /* StoryCollectionViewCellScreen.swift in Sources */,
				38F18DE529CCB26800ADCB7F /* PostCardCollectionViewCell.swift in Sources */,
				3893C9EF29CA162C00F08EFA /* HomeVC.swift in Sources */,
				38AF726C29D6497700402659 /* Alert.swift in Sources */,
				38C5B9E129D5F78F00F05E72 /* RegisterVC.swift in Sources */,
				38F18DD129CA56CF00ADCB7F /* StoryCardCollectionViewCell.swift in Sources */,
				38F18DCC29CA272000ADCB7F /* HomeViewModel.swift in Sources */,
				38F18DDD29CA738D00ADCB7F /* StoryCollectionViewCell.swift in Sources */,
				38C5B9E529D6086300F05E72 /* UITextField+Extension.swift in Sources */,
				38F18DD729CA60EC00ADCB7F /* StoryCardViewModel.swift in Sources */,
				38F18DF029CCC13600ADCB7F /* PostCollectionViewCell.swift in Sources */,
				38C5B9E229D5F78F00F05E72 /* RegisterScreen.swift in Sources */,
				38C5B9E629D6086300F05E72 /* UIViewController+Extension.swift in Sources */,
				38C5B9E829D6093C00F05E72 /* Extension+Button.swift in Sources */,
				38F18DED29CCBFDB00ADCB7F /* PostCardViewModel.swift in Sources */,
				38C5B9D829D26B8100F05E72 /* LoginScreen.swift in Sources */,
				38F18DE829CCB2A800ADCB7F /* PostCardCollectionViewCellScreen.swift in Sources */,
				38F18DDA29CA627500ADCB7F /* Stories.swift in Sources */,
				3893C9EB29CA162C00F08EFA /* AppDelegate.swift in Sources */,
				38C5B9D729D26B8100F05E72 /* LoginVC.swift in Sources */,
				38F18DCA29CA220100ADCB7F /* UIColor + Extension.swift in Sources */,
				38E6A88F29DF3F77002B1EAF /* HomeService.swift in Sources */,
				38F18DC529CA202700ADCB7F /* UIView + Extension.swift in Sources */,
				3893C9ED29CA162C00F08EFA /* SceneDelegate.swift in Sources */,
				38E5341629DB45AB00543A6C /* RegisterViewModel.swift in Sources */,
				38F18DD429CA576D00ADCB7F /* StoryCardCollectionViewCellScreen.swift in Sources */,
				38F18DEA29CCBDAC00ADCB7F /* Posts.swift in Sources */,
			);
			runOnlyForDeploymentPostprocessing = 0;
		};
/* End PBXSourcesBuildPhase section */

/* Begin PBXVariantGroup section */
		3893C9F529CA162D00F08EFA /* LaunchScreen.storyboard */ = {
			isa = PBXVariantGroup;
			children = (
				3893C9F629CA162D00F08EFA /* Base */,
			);
			name = LaunchScreen.storyboard;
			sourceTree = "<group>";
		};
/* End PBXVariantGroup section */

/* Begin XCBuildConfiguration section */
		3893C9F929CA162D00F08EFA /* Debug */ = {
			isa = XCBuildConfiguration;
			buildSettings = {
				ALWAYS_SEARCH_USER_PATHS = NO;
				CLANG_ANALYZER_NONNULL = YES;
				CLANG_ANALYZER_NUMBER_OBJECT_CONVERSION = YES_AGGRESSIVE;
				CLANG_CXX_LANGUAGE_STANDARD = "gnu++20";
				CLANG_ENABLE_MODULES = YES;
				CLANG_ENABLE_OBJC_ARC = YES;
				CLANG_ENABLE_OBJC_WEAK = YES;
				CLANG_WARN_BLOCK_CAPTURE_AUTORELEASING = YES;
				CLANG_WARN_BOOL_CONVERSION = YES;
				CLANG_WARN_COMMA = YES;
				CLANG_WARN_CONSTANT_CONVERSION = YES;
				CLANG_WARN_DEPRECATED_OBJC_IMPLEMENTATIONS = YES;
				CLANG_WARN_DIRECT_OBJC_ISA_USAGE = YES_ERROR;
				CLANG_WARN_DOCUMENTATION_COMMENTS = YES;
				CLANG_WARN_EMPTY_BODY = YES;
				CLANG_WARN_ENUM_CONVERSION = YES;
				CLANG_WARN_INFINITE_RECURSION = YES;
				CLANG_WARN_INT_CONVERSION = YES;
				CLANG_WARN_NON_LITERAL_NULL_CONVERSION = YES;
				CLANG_WARN_OBJC_IMPLICIT_RETAIN_SELF = YES;
				CLANG_WARN_OBJC_LITERAL_CONVERSION = YES;
				CLANG_WARN_OBJC_ROOT_CLASS = YES_ERROR;
				CLANG_WARN_QUOTED_INCLUDE_IN_FRAMEWORK_HEADER = YES;
				CLANG_WARN_RANGE_LOOP_ANALYSIS = YES;
				CLANG_WARN_STRICT_PROTOTYPES = YES;
				CLANG_WARN_SUSPICIOUS_MOVE = YES;
				CLANG_WARN_UNGUARDED_AVAILABILITY = YES_AGGRESSIVE;
				CLANG_WARN_UNREACHABLE_CODE = YES;
				CLANG_WARN__DUPLICATE_METHOD_MATCH = YES;
				COPY_PHASE_STRIP = NO;
				DEBUG_INFORMATION_FORMAT = dwarf;
				ENABLE_STRICT_OBJC_MSGSEND = YES;
				ENABLE_TESTABILITY = YES;
				GCC_C_LANGUAGE_STANDARD = gnu11;
				GCC_DYNAMIC_NO_PIC = NO;
				GCC_NO_COMMON_BLOCKS = YES;
				GCC_OPTIMIZATION_LEVEL = 0;
				GCC_PREPROCESSOR_DEFINITIONS = (
					"DEBUG=1",
					"$(inherited)",
				);
				GCC_WARN_64_TO_32_BIT_CONVERSION = YES;
				GCC_WARN_ABOUT_RETURN_TYPE = YES_ERROR;
				GCC_WARN_UNDECLARED_SELECTOR = YES;
				GCC_WARN_UNINITIALIZED_AUTOS = YES_AGGRESSIVE;
				GCC_WARN_UNUSED_FUNCTION = YES;
				GCC_WARN_UNUSED_VARIABLE = YES;
				IPHONEOS_DEPLOYMENT_TARGET = 16.2;
				MTL_ENABLE_DEBUG_INFO = INCLUDE_SOURCE;
				MTL_FAST_MATH = YES;
				ONLY_ACTIVE_ARCH = YES;
				SDKROOT = iphoneos;
				SWIFT_ACTIVE_COMPILATION_CONDITIONS = DEBUG;
				SWIFT_OPTIMIZATION_LEVEL = "-Onone";
			};
			name = Debug;
		};
		3893C9FA29CA162D00F08EFA /* Release */ = {
			isa = XCBuildConfiguration;
			buildSettings = {
				ALWAYS_SEARCH_USER_PATHS = NO;
				CLANG_ANALYZER_NONNULL = YES;
				CLANG_ANALYZER_NUMBER_OBJECT_CONVERSION = YES_AGGRESSIVE;
				CLANG_CXX_LANGUAGE_STANDARD = "gnu++20";
				CLANG_ENABLE_MODULES = YES;
				CLANG_ENABLE_OBJC_ARC = YES;
				CLANG_ENABLE_OBJC_WEAK = YES;
				CLANG_WARN_BLOCK_CAPTURE_AUTORELEASING = YES;
				CLANG_WARN_BOOL_CONVERSION = YES;
				CLANG_WARN_COMMA = YES;
				CLANG_WARN_CONSTANT_CONVERSION = YES;
				CLANG_WARN_DEPRECATED_OBJC_IMPLEMENTATIONS = YES;
				CLANG_WARN_DIRECT_OBJC_ISA_USAGE = YES_ERROR;
				CLANG_WARN_DOCUMENTATION_COMMENTS = YES;
				CLANG_WARN_EMPTY_BODY = YES;
				CLANG_WARN_ENUM_CONVERSION = YES;
				CLANG_WARN_INFINITE_RECURSION = YES;
				CLANG_WARN_INT_CONVERSION = YES;
				CLANG_WARN_NON_LITERAL_NULL_CONVERSION = YES;
				CLANG_WARN_OBJC_IMPLICIT_RETAIN_SELF = YES;
				CLANG_WARN_OBJC_LITERAL_CONVERSION = YES;
				CLANG_WARN_OBJC_ROOT_CLASS = YES_ERROR;
				CLANG_WARN_QUOTED_INCLUDE_IN_FRAMEWORK_HEADER = YES;
				CLANG_WARN_RANGE_LOOP_ANALYSIS = YES;
				CLANG_WARN_STRICT_PROTOTYPES = YES;
				CLANG_WARN_SUSPICIOUS_MOVE = YES;
				CLANG_WARN_UNGUARDED_AVAILABILITY = YES_AGGRESSIVE;
				CLANG_WARN_UNREACHABLE_CODE = YES;
				CLANG_WARN__DUPLICATE_METHOD_MATCH = YES;
				COPY_PHASE_STRIP = NO;
				DEBUG_INFORMATION_FORMAT = "dwarf-with-dsym";
				ENABLE_NS_ASSERTIONS = NO;
				ENABLE_STRICT_OBJC_MSGSEND = YES;
				GCC_C_LANGUAGE_STANDARD = gnu11;
				GCC_NO_COMMON_BLOCKS = YES;
				GCC_WARN_64_TO_32_BIT_CONVERSION = YES;
				GCC_WARN_ABOUT_RETURN_TYPE = YES_ERROR;
				GCC_WARN_UNDECLARED_SELECTOR = YES;
				GCC_WARN_UNINITIALIZED_AUTOS = YES_AGGRESSIVE;
				GCC_WARN_UNUSED_FUNCTION = YES;
				GCC_WARN_UNUSED_VARIABLE = YES;
				IPHONEOS_DEPLOYMENT_TARGET = 16.2;
				MTL_ENABLE_DEBUG_INFO = NO;
				MTL_FAST_MATH = YES;
				SDKROOT = iphoneos;
				SWIFT_COMPILATION_MODE = wholemodule;
				SWIFT_OPTIMIZATION_LEVEL = "-O";
				VALIDATE_PRODUCT = YES;
			};
			name = Release;
		};
		3893C9FC29CA162D00F08EFA /* Debug */ = {
			isa = XCBuildConfiguration;
			baseConfigurationReference = 200398B949EE5B3C0A4BB955 /* Pods-app-MVVM.debug.xcconfig */;
			buildSettings = {
				ASSETCATALOG_COMPILER_APPICON_NAME = AppIcon;
				ASSETCATALOG_COMPILER_GLOBAL_ACCENT_COLOR_NAME = AccentColor;
				CODE_SIGN_STYLE = Automatic;
				CURRENT_PROJECT_VERSION = 1;
				DEVELOPMENT_TEAM = B4R97N34U3;
				GENERATE_INFOPLIST_FILE = YES;
				INFOPLIST_FILE = "app-MVVM/Info.plist";
				INFOPLIST_KEY_UIApplicationSupportsIndirectInputEvents = YES;
				INFOPLIST_KEY_UILaunchStoryboardName = LaunchScreen;
				INFOPLIST_KEY_UIMainStoryboardFile = "";
				INFOPLIST_KEY_UISupportedInterfaceOrientations_iPad = "UIInterfaceOrientationPortrait UIInterfaceOrientationPortraitUpsideDown UIInterfaceOrientationLandscapeLeft UIInterfaceOrientationLandscapeRight";
				INFOPLIST_KEY_UISupportedInterfaceOrientations_iPhone = "UIInterfaceOrientationPortrait UIInterfaceOrientationLandscapeLeft UIInterfaceOrientationLandscapeRight";
				IPHONEOS_DEPLOYMENT_TARGET = 13.0;
				LD_RUNPATH_SEARCH_PATHS = (
					"$(inherited)",
					"@executable_path/Frameworks",
				);
				MARKETING_VERSION = 1.0;
				PRODUCT_BUNDLE_IDENTIFIER = "com.a1.app-MVVM";
				PRODUCT_NAME = "$(TARGET_NAME)";
				SUPPORTED_PLATFORMS = "iphoneos iphonesimulator";
				SUPPORTS_MACCATALYST = NO;
				SUPPORTS_MAC_DESIGNED_FOR_IPHONE_IPAD = NO;
				SWIFT_EMIT_LOC_STRINGS = YES;
				SWIFT_VERSION = 5.0;
				TARGETED_DEVICE_FAMILY = 1;
			};
			name = Debug;
		};
		3893C9FD29CA162D00F08EFA /* Release */ = {
			isa = XCBuildConfiguration;
			baseConfigurationReference = 2A6BF2590D7B74147D719526 /* Pods-app-MVVM.release.xcconfig */;
			buildSettings = {
				ASSETCATALOG_COMPILER_APPICON_NAME = AppIcon;
				ASSETCATALOG_COMPILER_GLOBAL_ACCENT_COLOR_NAME = AccentColor;
				CODE_SIGN_STYLE = Automatic;
				CURRENT_PROJECT_VERSION = 1;
				DEVELOPMENT_TEAM = B4R97N34U3;
				GENERATE_INFOPLIST_FILE = YES;
				INFOPLIST_FILE = "app-MVVM/Info.plist";
				INFOPLIST_KEY_UIApplicationSupportsIndirectInputEvents = YES;
				INFOPLIST_KEY_UILaunchStoryboardName = LaunchScreen;
				INFOPLIST_KEY_UIMainStoryboardFile = "";
				INFOPLIST_KEY_UISupportedInterfaceOrientations_iPad = "UIInterfaceOrientationPortrait UIInterfaceOrientationPortraitUpsideDown UIInterfaceOrientationLandscapeLeft UIInterfaceOrientationLandscapeRight";
				INFOPLIST_KEY_UISupportedInterfaceOrientations_iPhone = "UIInterfaceOrientationPortrait UIInterfaceOrientationLandscapeLeft UIInterfaceOrientationLandscapeRight";
				IPHONEOS_DEPLOYMENT_TARGET = 13.0;
				LD_RUNPATH_SEARCH_PATHS = (
					"$(inherited)",
					"@executable_path/Frameworks",
				);
				MARKETING_VERSION = 1.0;
				PRODUCT_BUNDLE_IDENTIFIER = "com.a1.app-MVVM";
				PRODUCT_NAME = "$(TARGET_NAME)";
				SUPPORTED_PLATFORMS = "iphoneos iphonesimulator";
				SUPPORTS_MACCATALYST = NO;
				SUPPORTS_MAC_DESIGNED_FOR_IPHONE_IPAD = NO;
				SWIFT_EMIT_LOC_STRINGS = YES;
				SWIFT_VERSION = 5.0;
				TARGETED_DEVICE_FAMILY = 1;
			};
			name = Release;
		};
/* End XCBuildConfiguration section */

/* Begin XCConfigurationList section */
		3893C9E229CA162C00F08EFA /* Build configuration list for PBXProject "app-MVVM" */ = {
			isa = XCConfigurationList;
			buildConfigurations = (
				3893C9F929CA162D00F08EFA /* Debug */,
				3893C9FA29CA162D00F08EFA /* Release */,
			);
			defaultConfigurationIsVisible = 0;
			defaultConfigurationName = Release;
		};
		3893C9FB29CA162D00F08EFA /* Build configuration list for PBXNativeTarget "app-MVVM" */ = {
			isa = XCConfigurationList;
			buildConfigurations = (
				3893C9FC29CA162D00F08EFA /* Debug */,
				3893C9FD29CA162D00F08EFA /* Release */,
			);
			defaultConfigurationIsVisible = 0;
			defaultConfigurationName = Release;
		};
/* End XCConfigurationList section */
	};
	rootObject = 3893C9DF29CA162C00F08EFA /* Project object */;
}
